<?xml version="1.0" encoding="UTF-8"?>
<CONFIG>
  <ProjectOptions>
    <Version Value="11"/>
    <PathDelim Value="\"/>
    <General>
      <SessionStorage Value="InIDEConfig"/>
      <MainUnit Value="0"/>
      <Title Value="Unbound Bible"/>
      <UseAppBundle Value="False"/>
      <ResourceType Value="res"/>
      <UseXPManifest Value="True"/>
      <Icon Value="0"/>
    </General>
    <i18n>
      <EnableI18N LFM="False"/>
    </i18n>
    <VersionInfo>
      <UseVersionInfo Value="True"/>
      <MajorVersionNr Value="3"/>
      <BuildNr Value="1"/>
      <StringTable CompanyName="Vladimir Rybant" ProductName="Unbound Bible" ProductVersion="3.0"/>
    </VersionInfo>
    <BuildModes Count="1">
      <Item1 Name="Default" Default="True"/>
    </BuildModes>
    <PublishOptions>
      <Version Value="2"/>
    </PublishOptions>
    <RunParams>
      <FormatVersion Value="2"/>
      <Modes Count="1">
        <Mode0 Name="default"/>
      </Modes>
    </RunParams>
    <RequiredPackages Count="5">
      <Item1>
        <PackageName Value="zcomponent"/>
      </Item1>
      <Item2>
        <PackageName Value="unboundmemopackage"/>
      </Item2>
      <Item3>
        <PackageName Value="Printer4Lazarus"/>
      </Item3>
      <Item4>
        <PackageName Value="richmemopackage"/>
        <MinVersion Major="1" Valid="True"/>
      </Item4>
      <Item5>
        <PackageName Value="LCL"/>
      </Item5>
    </RequiredPackages>
    <Units Count="21">
      <Unit0>
        <Filename Value="unboundbible.lpr"/>
        <IsPartOfProject Value="True"/>
      </Unit0>
      <Unit1>
        <Filename Value="formmain.pas"/>
        <IsPartOfProject Value="True"/>
        <ComponentName Value="MainForm"/>
        <HasResources Value="True"/>
        <ResourceBaseClass Value="Form"/>
        <UnitName Value="FormMain"/>
      </Unit1>
      <Unit2>
        <Filename Value="unitlib.pas"/>
        <IsPartOfProject Value="True"/>
        <UnitName Value="UnitLib"/>
      </Unit2>
      <Unit3>
        <Filename Value="unitshelf.pas"/>
        <IsPartOfProject Value="True"/>
        <UnitName Value="UnitShelf"/>
      </Unit3>
      <Unit4>
        <Filename Value="unitlang.pas"/>
        <IsPartOfProject Value="True"/>
        <UnitName Value="UnitLang"/>
      </Unit4>
      <Unit5>
        <Filename Value="formabout.pas"/>
        <IsPartOfProject Value="True"/>
        <ComponentName Value="AboutBox"/>
        <HasResources Value="True"/>
        <ResourceBaseClass Value="Form"/>
        <UnitName Value="FormAbout"/>
      </Unit5>
      <Unit6>
        <Filename Value="formsearch.pas"/>
        <IsPartOfProject Value="True"/>
        <ComponentName Value="SearchForm"/>
        <HasResources Value="True"/>
        <ResourceBaseClass Value="Form"/>
        <UnitName Value="FormSearch"/>
      </Unit6>
      <Unit7>
        <Filename Value="unittool.pas"/>
        <IsPartOfProject Value="True"/>
        <UnitName Value="UnitTool"/>
      </Unit7>
      <Unit8>
        <Filename Value="formcompare.pas"/>
        <IsPartOfProject Value="True"/>
        <ComponentName Value="CompareForm"/>
        <HasResources Value="True"/>
        <ResourceBaseClass Value="Form"/>
        <UnitName Value="FormCompare"/>
      </Unit8>
      <Unit9>
        <Filename Value="formcopy.pas"/>
        <IsPartOfProject Value="True"/>
        <ComponentName Value="CopyForm"/>
        <HasResources Value="True"/>
        <ResourceBaseClass Value="Form"/>
        <UnitName Value="FormCopy"/>
      </Unit9>
      <Unit10>
        <Filename Value="unitdata.pas"/>
        <IsPartOfProject Value="True"/>
        <UnitName Value="UnitData"/>
      </Unit10>
      <Unit11>
        <Filename Value="unittitles.pas"/>
        <IsPartOfProject Value="True"/>
        <UnitName Value="UnitTitles"/>
      </Unit11>
      <Unit12>
        <Filename Value="unitsqliteex.pas"/>
        <IsPartOfProject Value="True"/>
        <UnitName Value="UnitSQLiteEx"/>
      </Unit12>
      <Unit13>
        <Filename Value="unitmodule.pas"/>
        <IsPartOfProject Value="True"/>
        <UnitName Value="UnitModule"/>
      </Unit13>
      <Unit14>
        <Filename Value="unitcommentary.pas"/>
        <IsPartOfProject Value="True"/>
        <UnitName Value="UnitCommentary"/>
      </Unit14>
      <Unit15>
        <Filename Value="unitdictionary.pas"/>
        <IsPartOfProject Value="True"/>
        <UnitName Value="UnitDictionary"/>
      </Unit15>
      <Unit16>
        <Filename Value="unitprepare.pas"/>
        <IsPartOfProject Value="True"/>
        <UnitName Value="UnitPrepare"/>
      </Unit16>
      <Unit17>
        <Filename Value="formnotify.pas"/>
        <IsPartOfProject Value="True"/>
        <ComponentName Value="NotifyForm"/>
        <HasResources Value="True"/>
        <ResourceBaseClass Value="Form"/>
        <UnitName Value="FormNotify"/>
      </Unit17>
      <Unit18>
        <Filename Value="formdownload.pas"/>
        <IsPartOfProject Value="True"/>
        <ComponentName Value="DownloadForm"/>
        <HasResources Value="True"/>
        <ResourceBaseClass Value="Form"/>
        <UnitName Value="FormDownload"/>
      </Unit18>
      <Unit19>
        <Filename Value="unitbible.pas"/>
        <IsPartOfProject Value="True"/>
        <UnitName Value="UnitBible"/>
      </Unit19>
      <Unit20>
        <Filename Value="unitxref.pas"/>
        <IsPartOfProject Value="True"/>
        <UnitName Value="UnitXref"/>
      </Unit20>
    </Units>
  </ProjectOptions>
  <CompilerOptions>
    <Version Value="11"/>
    <PathDelim Value="\"/>
    <Target>
      <Filename Value="unboundbible"/>
    </Target>
    <SearchPaths>
      <IncludeFiles Value="$(ProjOutDir)"/>
      <UnitOutputDirectory Value="lib\$(TargetCPU)-$(TargetOS)"/>
    </SearchPaths>
    <Parsing>
      <SyntaxOptions>
        <SyntaxMode Value="Delphi"/>
        <CStyleOperator Value="False"/>
        <AllowLabel Value="False"/>
      </SyntaxOptions>
    </Parsing>
    <Linking>
      <Debugging>
        <GenerateDebugInfo Value="False"/>
        <DebugInfoType Value="dsStabs"/>
      </Debugging>
      <LinkSmart Value="True"/>
      <Options>
        <Win32>
          <GraphicApplication Value="True"/>
        </Win32>
      </Options>
    </Linking>
    <Other>
      <CompilerMessages>
        <IgnoredMessages idx5057="True" idx5024="True"/>
      </CompilerMessages>
    </Other>
  </CompilerOptions>
  <Debugging>
    <Exceptions Count="5">
      <Item1>
        <Name Value="EAbort"/>
      </Item1>
      <Item2>
        <Name Value="ECodetoolError"/>
      </Item2>
      <Item3>
        <Name Value="EFOpenError"/>
      </Item3>
      <Item4>
        <Name Value="Exception"/>
      </Item4>
      <Item5>
        <Name Value="EFCreateError"/>
      </Item5>
    </Exceptions>
  </Debugging>
</CONFIG>
